{
  "version": 4,
  "terraform_version": "1.1.5",
  "serial": 43,
  "lineage": "276ffd31-6fd0-083f-c00b-ad96f1348e9f",
  "outputs": {
    "droplet_ip": {
      "value": "206.189.96.226",
      "type": "string"
    }
  },
  "resources": [
    {
      "mode": "data",
      "type": "digitalocean_ssh_key",
      "name": "mb",
      "provider": "provider[\"registry.terraform.io/digitalocean/digitalocean\"]",
      "instances": [
        {
          "schema_version": 0,
          "attributes": {
            "fingerprint": "21:e9:b5:42:a1:e0:49:01:a7:af:94:19:3e:ca:17:c1",
            "id": 31325656,
            "name": "mb",
            "public_key": "ssh-rsa AAAAB3NzaC1yc2EAAAADAQABAAACAQCv74E0vqcMIBCGz+e+CFJpbqjkp5ULCct8LMbt8VbYS4HoFI9VtBELVmVFgSqSZpCJHnKsbTEVJcRJjPZJMYbUrMhwWG58rjMkfTyhTsc2ooZzFo6/ShaeZAzG1acI915+fNWWvEmJ0OG9bwgI5KO6EZ2Tm3v1Ar/MBFIjIrBCOJlitxADmURF3p+nDYsJjks8otltOkzfUX3mdp3cU+sbnEqyu4rIP5fptW1lhrnuogc0UJiCB6CfM6Ss2/+mmj71+m6vIcxDWejkm73DaaiCIm0unXT3Q3N8DuX2fh8z6FNVKNUEHz9685c70V0eB1scLp+lVFlcMv04rwT5HAhVEFQtRLc1SVtk0wBpZMIHR/C1TnNTv3d9q5W3fovrP0WYPB0Jq/GyVF4ot49ymUg6xfrYsM7mrzQlmCfooAcNNq27zwTiFqgYHfg9pscS68D7eGyLzwJBBLpoGnkst5FkZfG0UUcFUeA/aJ5hTGFCsIL21azDhgKrMbQKAt1SoqXqnNdMg/8wuMbo1KXvFTZFDy28oV2O6WzGDLeFTqZxoxR93TSbKnROsa4qI49Jw5dhYrabLCaxFNDYEWM/49aYj1pMc93Ryt7PK1kk8J9eNUspZwjskBoEgD1eOQnbAgzTGd31U9JXXfKI9hayzdyFYrtGrcF5IHsirhEQxO4wuQ== moonblade168@gmail.com\n"
          },
          "sensitive_attributes": []
        }
      ]
    },
    {
      "mode": "managed",
      "type": "digitalocean_droplet",
      "name": "vpn",
      "provider": "provider[\"registry.terraform.io/digitalocean/digitalocean\"]",
      "instances": [
        {
          "schema_version": 1,
          "attributes": {
            "backups": false,
            "created_at": "2022-08-04T06:26:19Z",
            "disk": 10,
            "droplet_agent": null,
            "graceful_shutdown": false,
            "id": "311160520",
            "image": "ubuntu-20-04-x64",
            "ipv4_address": "206.189.96.226",
            "ipv4_address_private": "10.110.0.2",
            "ipv6": false,
            "ipv6_address": "",
            "locked": false,
            "memory": 512,
            "monitoring": false,
            "name": "vpn",
            "price_hourly": 0.00595,
            "price_monthly": 4,
            "private_networking": true,
            "region": "ams3",
            "resize_disk": true,
            "size": "s-1vcpu-512mb-10gb",
            "ssh_keys": [
              "31325656"
            ],
            "status": "active",
            "tags": [
              "tf",
              "vpn"
            ],
            "urn": "do:droplet:311160520",
            "user_data": null,
            "vcpus": 1,
            "volume_ids": [],
            "vpc_uuid": "290d71eb-8064-4adc-b22e-5061f4b579b5"
          },
          "sensitive_attributes": [],
          "private": "eyJzY2hlbWFfdmVyc2lvbiI6IjEifQ==",
          "dependencies": [
            "data.digitalocean_ssh_key.mb"
          ]
        }
      ]
    }
  ]
}
