{
  "version": 4,
  "terraform_version": "1.1.5",
  "serial": 3,
  "lineage": "276ffd31-6fd0-083f-c00b-ad96f1348e9f",
  "outputs": {},
  "resources": [
    {
      "mode": "managed",
      "type": "digitalocean_droplet",
      "name": "vpn",
      "provider": "provider[\"registry.terraform.io/digitalocean/digitalocean\"]",
      "instances": [
        {
          "schema_version": 1,
          "attributes": {
            "backups": false,
            "created_at": "2022-08-02T08:04:15Z",
            "disk": 10,
            "droplet_agent": null,
            "graceful_shutdown": false,
            "id": "310875673",
            "image": "ubuntu-20-04-x64",
            "ipv4_address": "146.190.19.210",
            "ipv4_address_private": "10.110.0.2",
            "ipv6": false,
            "ipv6_address": "",
            "locked": false,
            "memory": 512,
            "monitoring": false,
            "name": "vpn",
            "price_hourly": 0.00595,
            "price_monthly": 4,
            "private_networking": true,
            "region": "ams3",
            "resize_disk": true,
            "size": "s-1vcpu-512mb-10gb",
            "ssh_keys": null,
            "status": "active",
            "tags": null,
            "urn": "do:droplet:310875673",
            "user_data": null,
            "vcpus": 1,
            "volume_ids": [],
            "vpc_uuid": "290d71eb-8064-4adc-b22e-5061f4b579b5"
          },
          "sensitive_attributes": [],
          "private": "eyJzY2hlbWFfdmVyc2lvbiI6IjEifQ=="
        }
      ]
    }
  ]
}
